
Microsoft Visual Studio Solution File, Format Version 12.00
# Visual Studio Version 17
VisualStudioVersion = 17.5.002.0
MinimumVisualStudioVersion = 10.0.40219.1
Project("{9A19103F-16F7-4668-BE54-9A1E7A4F7556}") = "SimpleCounterApi", "SimpleCounterApi\SimpleCounterApi.csproj", "{AA332157-8EC0-4C8E-AF44-6897989FAC66}"
EndProject
Global
	GlobalSection(SolutionConfigurationPlatforms) = preSolution
		Debug|Any CPU = Debug|Any CPU
		Release|Any CPU = Release|Any CPU
	EndGlobalSection
	GlobalSection(ProjectConfigurationPlatforms) = postSolution
		{AA332157-8EC0-4C8E-AF44-6897989FAC66}.Debug|Any CPU.ActiveCfg = Debug|Any CPU
		{AA332157-8EC0-4C8E-AF44-6897989FAC66}.Debug|Any CPU.Build.0 = Debug|Any CPU
		{AA332157-8EC0-4C8E-AF44-6897989FAC66}.Release|Any CPU.ActiveCfg = Release|Any CPU
		{AA332157-8EC0-4C8E-AF44-6897989FAC66}.Release|Any CPU.Build.0 = Release|Any CPU
	EndGlobalSection
	GlobalSection(SolutionProperties) = preSolution
		HideSolutionNode = FALSE
	EndGlobalSection
	GlobalSection(ExtensibilityGlobals) = postSolution
		SolutionGuid = {BDC8CD88-FFCB-4E10-9D60-7862E9E4C6EA}
	EndGlobalSection
EndGlobal
